{
    "_meta": {
        "hash": {
            "sha256": "6652842837771b75f27335fd1c85e457be15101843d16b49a715e072926e8415"
        },
        "pipfile-spec": 6,
        "requires": {
            "python_version": "3.6"
        },
        "sources": [
            {
                "name": "pypi",
                "url": "https://pypi.python.org/simple",
                "verify_ssl": true
            }
        ]
    },
    "default": {
        "certifi": {
            "hashes": [
                "sha256:1a4995114262bffbc2413b159f2a1a480c969de6e6eb13ee966d470af86af59c",
                "sha256:719a74fb9e33b9bd44cc7f3a8d94bc35e4049deebe19ba7d8e108280cfd59830"
            ],
            "version": "==2020.12.5"
        },
        "cffi": {
            "hashes": [
                "sha256:00a1ba5e2e95684448de9b89888ccd02c98d512064b4cb987d48f4b40aa0421e",
                "sha256:00e28066507bfc3fe865a31f325c8391a1ac2916219340f87dfad602c3e48e5d",
                "sha256:045d792900a75e8b1e1b0ab6787dd733a8190ffcf80e8c8ceb2fb10a29ff238a",
                "sha256:0638c3ae1a0edfb77c6765d487fee624d2b1ee1bdfeffc1f0b58c64d149e7eec",
                "sha256:105abaf8a6075dc96c1fe5ae7aae073f4696f2905fde6aeada4c9d2926752362",
                "sha256:155136b51fd733fa94e1c2ea5211dcd4c8879869008fc811648f16541bf99668",
                "sha256:1a465cbe98a7fd391d47dce4b8f7e5b921e6cd805ef421d04f5f66ba8f06086c",
                "sha256:1d2c4994f515e5b485fd6d3a73d05526aa0fcf248eb135996b088d25dfa1865b",
                "sha256:2c24d61263f511551f740d1a065eb0212db1dbbbbd241db758f5244281590c06",
                "sha256:51a8b381b16ddd370178a65360ebe15fbc1c71cf6f584613a7ea08bfad946698",
                "sha256:594234691ac0e9b770aee9fcdb8fa02c22e43e5c619456efd0d6c2bf276f3eb2",
                "sha256:5cf4be6c304ad0b6602f5c4e90e2f59b47653ac1ed9c662ed379fe48a8f26b0c",
                "sha256:64081b3f8f6f3c3de6191ec89d7dc6c86a8a43911f7ecb422c60e90c70be41c7",
                "sha256:6bc25fc545a6b3d57b5f8618e59fc13d3a3a68431e8ca5fd4c13241cd70d0009",
                "sha256:798caa2a2384b1cbe8a2a139d80734c9db54f9cc155c99d7cc92441a23871c03",
                "sha256:7c6b1dece89874d9541fc974917b631406233ea0440d0bdfbb8e03bf39a49b3b",
                "sha256:840793c68105fe031f34d6a086eaea153a0cd5c491cde82a74b420edd0a2b909",
                "sha256:8d6603078baf4e11edc4168a514c5ce5b3ba6e3e9c374298cb88437957960a53",
                "sha256:9cc46bc107224ff5b6d04369e7c595acb700c3613ad7bcf2e2012f62ece80c35",
                "sha256:9f7a31251289b2ab6d4012f6e83e58bc3b96bd151f5b5262467f4bb6b34a7c26",
                "sha256:9ffb888f19d54a4d4dfd4b3f29bc2c16aa4972f1c2ab9c4ab09b8ab8685b9c2b",
                "sha256:a5ed8c05548b54b998b9498753fb9cadbfd92ee88e884641377d8a8b291bcc01",
                "sha256:a7711edca4dcef1a75257b50a2fbfe92a65187c47dab5a0f1b9b332c5919a3fb",
                "sha256:af5c59122a011049aad5dd87424b8e65a80e4a6477419c0c1015f73fb5ea0293",
                "sha256:b18e0a9ef57d2b41f5c68beefa32317d286c3d6ac0484efd10d6e07491bb95dd",
                "sha256:b4e248d1087abf9f4c10f3c398896c87ce82a9856494a7155823eb45a892395d",
                "sha256:ba4e9e0ae13fc41c6b23299545e5ef73055213e466bd107953e4a013a5ddd7e3",
                "sha256:c6332685306b6417a91b1ff9fae889b3ba65c2292d64bd9245c093b1b284809d",
                "sha256:d5ff0621c88ce83a28a10d2ce719b2ee85635e85c515f12bac99a95306da4b2e",
                "sha256:d9efd8b7a3ef378dd61a1e77367f1924375befc2eba06168b6ebfa903a5e59ca",
                "sha256:df5169c4396adc04f9b0a05f13c074df878b6052430e03f50e68adf3a57aa28d",
                "sha256:ebb253464a5d0482b191274f1c8bf00e33f7e0b9c66405fbffc61ed2c839c775",
                "sha256:ec80dc47f54e6e9a78181ce05feb71a0353854cc26999db963695f950b5fb375",
                "sha256:f032b34669220030f905152045dfa27741ce1a6db3324a5bc0b96b6c7420c87b",
                "sha256:f60567825f791c6f8a592f3c6e3bd93dd2934e3f9dac189308426bd76b00ef3b",
                "sha256:f803eaa94c2fcda012c047e62bc7a51b0bdabda1cad7a92a522694ea2d76e49f"
            ],
            "version": "==1.14.4"
        },
        "chardet": {
            "hashes": [
                "sha256:84ab92ed1c4d4f16916e05906b6b75a6c0fb5db821cc65e70cbd64a3e2a5eaae",
                "sha256:fc323ffcaeaed0e0a02bf4d117757b98aed530d9ed4531e3e15460124c106691"
            ],
            "version": "==3.0.4"
        },
        "cryptography": {
            "hashes": [
                "sha256:0003a52a123602e1acee177dc90dd201f9bb1e73f24a070db7d36c588e8f5c7d",
                "sha256:0e85aaae861d0485eb5a79d33226dd6248d2a9f133b81532c8f5aae37de10ff7",
                "sha256:594a1db4511bc4d960571536abe21b4e5c3003e8750ab8365fafce71c5d86901",
                "sha256:69e836c9e5ff4373ce6d3ab311c1a2eed274793083858d3cd4c7d12ce20d5f9c",
                "sha256:788a3c9942df5e4371c199d10383f44a105d67d401fb4304178020142f020244",
                "sha256:7e177e4bea2de937a584b13645cab32f25e3d96fc0bc4a4cf99c27dc77682be6",
                "sha256:83d9d2dfec70364a74f4e7c70ad04d3ca2e6a08b703606993407bf46b97868c5",
                "sha256:84ef7a0c10c24a7773163f917f1cb6b4444597efd505a8aed0a22e8c4780f27e",
                "sha256:9e21301f7a1e7c03dbea73e8602905a4ebba641547a462b26dd03451e5769e7c",
                "sha256:9f6b0492d111b43de5f70052e24c1f0951cb9e6022188ebcb1cc3a3d301469b0",
                "sha256:a69bd3c68b98298f490e84519b954335154917eaab52cf582fa2c5c7efc6e812",
                "sha256:b4890d5fb9b7a23e3bf8abf5a8a7da8e228f1e97dc96b30b95685df840b6914a",
                "sha256:c366df0401d1ec4e548bebe8f91d55ebcc0ec3137900d214dd7aac8427ef3030",
                "sha256:dc42f645f8f3a489c3dd416730a514e7a91a59510ddaadc09d04224c098d3302"
            ],
            "version": "==3.3.1"
        },
        "idna": {
            "hashes": [
                "sha256:c357b3f628cf53ae2c4c05627ecc484553142ca23264e593d327bcde5e9c3407",
                "sha256:ea8b7f6188e6fa117537c3df7da9fc686d485087abf6ac197f9c46432f7e4a3c"
            ],
            "version": "==2.8"
        },
        "pycparser": {
            "hashes": [
                "sha256:2d475327684562c3a96cc71adf7dc8c4f0565175cf86b6d7a404ff4c771f15f0",
                "sha256:7582ad22678f0fcd81102833f60ef8d0e57288b6b5fb00323d101be910e35705"
            ],
            "version": "==2.20"
        },
        "pyopenssl": {
            "hashes": [
                "sha256:aeca66338f6de19d1aa46ed634c3b9ae519a64b458f8468aec688e7e3c20f200",
                "sha256:c727930ad54b10fc157015014b666f2d8b41f70c0d03e83ab67624fd3dd5d1e6"
            ],
            "index": "pypi",
            "version": "==19.0.0"
        },
        "requests": {
            "hashes": [
                "sha256:502a824f31acdacb3a35b6690b5fbf0bc41d63a24a45c4004352b0242707598e",
                "sha256:7bf2a778576d825600030a110f3c0e3e8edc51dfaafe1c146e39a2027784957b"
            ],
            "index": "pypi",
            "version": "==2.21.0"
        },
        "six": {
            "hashes": [
                "sha256:30639c035cdb23534cd4aa2dd52c3bf48f06e5f4a941509c8bafd8ce11080259",
                "sha256:8b74bedcbbbaca38ff6d7491d76f2b06b3592611af620f8426e82dddb04a5ced"
            ],
            "version": "==1.15.0"
        },
        "termcolor": {
            "hashes": [
                "sha256:1d6d69ce66211143803fbc56652b41d73b4a400a2891d7bf7a1cdf4c02de613b"
            ],
            "index": "pypi",
            "version": "==1.1.0"
        },
        "urllib3": {
            "hashes": [
                "sha256:4c291ca23bbb55c76518905869ef34bdd5f0e46af7afe6861e8375643ffee1a0",
                "sha256:9a247273df709c4fedb38c711e44292304f73f39ab01beda9f6b9fc375669ac3"
            ],
            "index": "pypi",
            "version": "==1.24.2"
        }
    },
    "develop": {}
}
